
Microsoft Visual Studio Solution File, Format Version 12.00
# Visual Studio Version 17
VisualStudioVersion = 17.1.32319.34
MinimumVisualStudioVersion = 10.0.40219.1
Project("{FAE04EC0-301F-11D3-BF4B-00C04F79EFBC}") = "ControleDeContatos", "ControleDeContatos\ControleDeContatos.csproj", "{2E7524BA-1430-47C1-B8F6-A281768D33DA}"
EndProject
Global
	GlobalSection(SolutionConfigurationPlatforms) = preSolution
		Debug|Any CPU = Debug|Any CPU
		Release|Any CPU = Release|Any CPU
	EndGlobalSection
	GlobalSection(ProjectConfigurationPlatforms) = postSolution
		{2E7524BA-1430-47C1-B8F6-A281768D33DA}.Debug|Any CPU.ActiveCfg = Debug|Any CPU
		{2E7524BA-1430-47C1-B8F6-A281768D33DA}.Debug|Any CPU.Build.0 = Debug|Any CPU
		{2E7524BA-1430-47C1-B8F6-A281768D33DA}.Release|Any CPU.ActiveCfg = Release|Any CPU
		{2E7524BA-1430-47C1-B8F6-A281768D33DA}.Release|Any CPU.Build.0 = Release|Any CPU
	EndGlobalSection
	GlobalSection(SolutionProperties) = preSolution
		HideSolutionNode = FALSE
	EndGlobalSection
	GlobalSection(ExtensibilityGlobals) = postSolution
		SolutionGuid = {AE66CF1E-A6E6-4E18-BED7-C3940A5CD8E7}
	EndGlobalSection
EndGlobal
